PODS:
  - DateToolsSwift (4.0.0)
  - DTCoreText (1.6.21):
    - DTCoreText/Core (= 1.6.21)
    - DTFoundation/Core (~> 1.7.5)
    - DTFoundation/DTAnimatedGIF (~> 1.7.5)
    - DTFoundation/DTHTMLParser (~> 1.7.5)
    - DTFoundation/UIKit (~> 1.7.5)
  - DTCoreText/Core (1.6.21):
    - DTFoundation/Core (~> 1.7.5)
    - DTFoundation/DTAnimatedGIF (~> 1.7.5)
    - DTFoundation/DTHTMLParser (~> 1.7.5)
    - DTFoundation/UIKit (~> 1.7.5)
  - DTFoundation/Core (1.7.13)
  - DTFoundation/DTAnimatedGIF (1.7.13)
  - DTFoundation/DTHTMLParser (1.7.13):
    - DTFoundation/Core
  - DTFoundation/UIKit (1.7.13):
    - DTFoundation/Core
  - FeedKit (7.1.0)
  - SDWebImage (4.3.3):
    - SDWebImage/Core (= 4.3.3)
  - SDWebImage/Core (4.3.3)
  - SubviewAttachingTextView (1.3.0)
  - SwiftSoup (1.7.1)

DEPENDENCIES:
  - DateToolsSwift
  - DTCoreText
  - FeedKit
  - SDWebImage (~> 4.0)
  - SubviewAttachingTextView
  - SwiftSoup

SPEC REPOS:
  https://github.com/CocoaPods/Specs.git:
    - DateToolsSwift
    - DTCoreText
    - DTFoundation
    - FeedKit
    - SDWebImage
    - SubviewAttachingTextView
    - SwiftSoup

SPEC CHECKSUMS:
  DateToolsSwift: 875d97ff9e3a5d54abdd67a269b3f51c757b71ab
  DTCoreText: e5d688cffc9f6a61eddd1a4f94e2046851230de3
  DTFoundation: f03be9fd786f11e505bb8fc44e2a3732bf0917df
  FeedKit: 428e7e70f9b8993e609c52160d00c94fabdb22ef
  SDWebImage: de4d90b5bff3571eae7bd16202b1f43135409fa5
  SubviewAttachingTextView: 27a6ae7bde3b891b15d85ea2aee4b6d635b34a32
  SwiftSoup: 277f7ef548826e0ca7603a06b30d4a5df3ee0587

PODFILE CHECKSUM: a31dc075c39fcee6169ec1b1dd5605f68c06622c

COCOAPODS: 1.5.0
